
Microsoft Visual Studio Solution File, Format Version 12.00
# Visual Studio 15
VisualStudioVersion = 15.0.28010.2016
MinimumVisualStudioVersion = 10.0.40219.1
Project("{FAE04EC0-301F-11D3-BF4B-00C04F79EFBC}") = "Sentral", "Sentral\Sentral.csproj", "{6FC2CB55-6899-4A30-A1D1-141C5B90762D}"
EndProject
Global
	GlobalSection(SolutionConfigurationPlatforms) = preSolution
		Debug|Any CPU = Debug|Any CPU
		Release|Any CPU = Release|Any CPU
	EndGlobalSection
	GlobalSection(ProjectConfigurationPlatforms) = postSolution
		{6FC2CB55-6899-4A30-A1D1-141C5B90762D}.Debug|Any CPU.ActiveCfg = Debug|Any CPU
		{6FC2CB55-6899-4A30-A1D1-141C5B90762D}.Debug|Any CPU.Build.0 = Debug|Any CPU
		{6FC2CB55-6899-4A30-A1D1-141C5B90762D}.Release|Any CPU.ActiveCfg = Release|Any CPU
		{6FC2CB55-6899-4A30-A1D1-141C5B90762D}.Release|Any CPU.Build.0 = Release|Any CPU
	EndGlobalSection
	GlobalSection(SolutionProperties) = preSolution
		HideSolutionNode = FALSE
	EndGlobalSection
	GlobalSection(ExtensibilityGlobals) = postSolution
		SolutionGuid = {63E34334-061A-4CD6-A482-4600CF78C13F}
	EndGlobalSection
EndGlobal
